
Microsoft Visual Studio Solution File, Format Version 12.00
# Visual Studio Version 17
VisualStudioVersion = 17.9.34728.123
MinimumVisualStudioVersion = 10.0.40219.1
Project("{FAE04EC0-301F-11D3-BF4B-00C04F79EFBC}") = "08_RazorPages_Movie_CRUD", "08_RazorPages_Movie_CRUD\08_RazorPages_Movie_CRUD.csproj", "{0A396A53-0E7C-480F-A567-74D1C9BF43E1}"
EndProject
Global
	GlobalSection(SolutionConfigurationPlatforms) = preSolution
		Debug|Any CPU = Debug|Any CPU
		Release|Any CPU = Release|Any CPU
	EndGlobalSection
	GlobalSection(ProjectConfigurationPlatforms) = postSolution
		{0A396A53-0E7C-480F-A567-74D1C9BF43E1}.Debug|Any CPU.ActiveCfg = Debug|Any CPU
		{0A396A53-0E7C-480F-A567-74D1C9BF43E1}.Debug|Any CPU.Build.0 = Debug|Any CPU
		{0A396A53-0E7C-480F-A567-74D1C9BF43E1}.Release|Any CPU.ActiveCfg = Release|Any CPU
		{0A396A53-0E7C-480F-A567-74D1C9BF43E1}.Release|Any CPU.Build.0 = Release|Any CPU
	EndGlobalSection
	GlobalSection(SolutionProperties) = preSolution
		HideSolutionNode = FALSE
	EndGlobalSection
	GlobalSection(ExtensibilityGlobals) = postSolution
		SolutionGuid = {AEBEF766-C940-4857-8BF8-4C8E5A40B452}
	EndGlobalSection
EndGlobal
